
Microsoft Visual Studio Solution File, Format Version 12.00
# Visual Studio Version 16
VisualStudioVersion = 16.0.31205.134
MinimumVisualStudioVersion = 10.0.40219.1
Project("{FAE04EC0-301F-11D3-BF4B-00C04F79EFBC}") = "AnkaKafe.UI", "AnkaKafe.UI\AnkaKafe.UI.csproj", "{EEBF2FCC-8F7C-4AA7-AF6F-A670A4876240}"
EndProject
Project("{FAE04EC0-301F-11D3-BF4B-00C04F79EFBC}") = "AnkaKafe.Data", "AnkaKafe.Data\AnkaKafe.Data.csproj", "{1591B341-EB99-4D1D-80D3-6252D4B610F2}"
EndProject
Global
	GlobalSection(SolutionConfigurationPlatforms) = preSolution
		Debug|Any CPU = Debug|Any CPU
		Release|Any CPU = Release|Any CPU
	EndGlobalSection
	GlobalSection(ProjectConfigurationPlatforms) = postSolution
		{EEBF2FCC-8F7C-4AA7-AF6F-A670A4876240}.Debug|Any CPU.ActiveCfg = Debug|Any CPU
		{EEBF2FCC-8F7C-4AA7-AF6F-A670A4876240}.Debug|Any CPU.Build.0 = Debug|Any CPU
		{EEBF2FCC-8F7C-4AA7-AF6F-A670A4876240}.Release|Any CPU.ActiveCfg = Release|Any CPU
		{EEBF2FCC-8F7C-4AA7-AF6F-A670A4876240}.Release|Any CPU.Build.0 = Release|Any CPU
		{1591B341-EB99-4D1D-80D3-6252D4B610F2}.Debug|Any CPU.ActiveCfg = Debug|Any CPU
		{1591B341-EB99-4D1D-80D3-6252D4B610F2}.Debug|Any CPU.Build.0 = Debug|Any CPU
		{1591B341-EB99-4D1D-80D3-6252D4B610F2}.Release|Any CPU.ActiveCfg = Release|Any CPU
		{1591B341-EB99-4D1D-80D3-6252D4B610F2}.Release|Any CPU.Build.0 = Release|Any CPU
	EndGlobalSection
	GlobalSection(SolutionProperties) = preSolution
		HideSolutionNode = FALSE
	EndGlobalSection
	GlobalSection(ExtensibilityGlobals) = postSolution
		SolutionGuid = {7C188A6F-B32A-41B0-907C-6612FECB177C}
	EndGlobalSection
EndGlobal
